{
  "name": "miniprogram",
  "version": "1.0.0",
  "lockfileVersion": 3,
  "requires": true,
  "packages": {
    "": {
      "name": "miniprogram",
      "version": "1.0.0",
      "license": "ISC",
      "dependencies": {
        "@vant/weapp": "^1.11.7",
        "mini-stores": "^2.3.0"
      },
      "devDependencies": {
        "miniprogram-api-typings": "^5.2.3"
      }
    },
    "node_modules/@vant/weapp": {
      "version": "1.11.7",
      "resolved": "https://registry.npmjs.org/@vant/weapp/-/weapp-1.11.7.tgz",
      "integrity": "sha512-Rwn9BBnb4kHSV4XmvBicwtd42J+amEUfnFDcXJsGNPNX4a9c/DoT6YLsm4X1wB2+sQbdiQsbFBLAvGRBxCkD8g==",
      "license": "MIT"
    },
    "node_modules/mini-stores": {
      "version": "2.3.0",
      "resolved": "https://registry.npmjs.org/mini-stores/-/mini-stores-2.3.0.tgz",
      "integrity": "sha512-EhWa3rkZ0bJl2Iz5tAM8G1PggdRmjSDF2iMmJH3oM14iIg1QgCF3d3l+iZWOhekKW7R5u0uF+YWaRNsR5uuMqw==",
      "license": "MIT"
    },
    "node_modules/miniprogram-api-typings": {
      "version": "5.2.3",
      "resolved": "https://registry.npmmirror.com/miniprogram-api-typings/-/miniprogram-api-typings-5.2.3.tgz",
      "integrity": "sha512-KVcNSfR2VmRtz35rxkjLxE92HlsBnbT6NsKyTcDX3ebbTKAsAiTOFO1mRM82Xbe848dnEYqNGzaD48LMEvGytw==",
      "dev": true,
      "license": "MIT"
    }
  }
}
